
Microsoft Visual Studio Solution File, Format Version 12.00
# Visual Studio 2012
Project("{FAE04EC0-301F-11D3-BF4B-00C04F79EFBC}") = "InstaParking", "InstaParking\InstaParking.csproj", "{B864AF98-2EA5-456C-800F-5BA49A3C83AC}"
EndProject
Project("{FAE04EC0-301F-11D3-BF4B-00C04F79EFBC}") = "InstaParking.DAL", "InstaParking.DAL\InstaParking.DAL.csproj", "{6D6DA91C-2C5B-4F7E-9C43-02EFD4607695}"
EndProject
Project("{FAE04EC0-301F-11D3-BF4B-00C04F79EFBC}") = "InstaParking.Models", "InstaParking.Models\InstaParking.Models.csproj", "{D6079377-B884-4FF7-BF2D-CFECCC7E65F5}"
EndProject
Global
	GlobalSection(SolutionConfigurationPlatforms) = preSolution
		Debug|Any CPU = Debug|Any CPU
		Release|Any CPU = Release|Any CPU
	EndGlobalSection
	GlobalSection(ProjectConfigurationPlatforms) = postSolution
		{B864AF98-2EA5-456C-800F-5BA49A3C83AC}.Debug|Any CPU.ActiveCfg = Debug|Any CPU
		{B864AF98-2EA5-456C-800F-5BA49A3C83AC}.Debug|Any CPU.Build.0 = Debug|Any CPU
		{B864AF98-2EA5-456C-800F-5BA49A3C83AC}.Release|Any CPU.ActiveCfg = Release|Any CPU
		{B864AF98-2EA5-456C-800F-5BA49A3C83AC}.Release|Any CPU.Build.0 = Release|Any CPU
		{6D6DA91C-2C5B-4F7E-9C43-02EFD4607695}.Debug|Any CPU.ActiveCfg = Debug|Any CPU
		{6D6DA91C-2C5B-4F7E-9C43-02EFD4607695}.Debug|Any CPU.Build.0 = Debug|Any CPU
		{6D6DA91C-2C5B-4F7E-9C43-02EFD4607695}.Release|Any CPU.ActiveCfg = Release|Any CPU
		{6D6DA91C-2C5B-4F7E-9C43-02EFD4607695}.Release|Any CPU.Build.0 = Release|Any CPU
		{D6079377-B884-4FF7-BF2D-CFECCC7E65F5}.Debug|Any CPU.ActiveCfg = Debug|Any CPU
		{D6079377-B884-4FF7-BF2D-CFECCC7E65F5}.Debug|Any CPU.Build.0 = Debug|Any CPU
		{D6079377-B884-4FF7-BF2D-CFECCC7E65F5}.Release|Any CPU.ActiveCfg = Release|Any CPU
		{D6079377-B884-4FF7-BF2D-CFECCC7E65F5}.Release|Any CPU.Build.0 = Release|Any CPU
	EndGlobalSection
	GlobalSection(SolutionProperties) = preSolution
		HideSolutionNode = FALSE
	EndGlobalSection
EndGlobal
